
Microsoft Visual Studio Solution File, Format Version 12.00
# Visual Studio Version 16
VisualStudioVersion = 16.0.29905.134
MinimumVisualStudioVersion = 10.0.40219.1
Project("{FAE04EC0-301F-11D3-BF4B-00C04F79EFBC}") = "Kata.Dahl", "Kata.Dahl\Kata.Dahl.csproj", "{6483ABAF-5746-4CAA-8D7F-0EDA11202769}"
EndProject
Project("{FAE04EC0-301F-11D3-BF4B-00C04F79EFBC}") = "Kata.Dahl.Tests", "Kata.Dahl.Tests\Kata.Dahl.Tests.csproj", "{CE92B1AF-4C82-4238-A9A6-70DA809AA559}"
EndProject
Global
	GlobalSection(SolutionConfigurationPlatforms) = preSolution
		Debug|Any CPU = Debug|Any CPU
		Release|Any CPU = Release|Any CPU
	EndGlobalSection
	GlobalSection(ProjectConfigurationPlatforms) = postSolution
		{6483ABAF-5746-4CAA-8D7F-0EDA11202769}.Debug|Any CPU.ActiveCfg = Debug|Any CPU
		{6483ABAF-5746-4CAA-8D7F-0EDA11202769}.Debug|Any CPU.Build.0 = Debug|Any CPU
		{6483ABAF-5746-4CAA-8D7F-0EDA11202769}.Release|Any CPU.ActiveCfg = Release|Any CPU
		{6483ABAF-5746-4CAA-8D7F-0EDA11202769}.Release|Any CPU.Build.0 = Release|Any CPU
		{CE92B1AF-4C82-4238-A9A6-70DA809AA559}.Debug|Any CPU.ActiveCfg = Debug|Any CPU
		{CE92B1AF-4C82-4238-A9A6-70DA809AA559}.Debug|Any CPU.Build.0 = Debug|Any CPU
		{CE92B1AF-4C82-4238-A9A6-70DA809AA559}.Release|Any CPU.ActiveCfg = Release|Any CPU
		{CE92B1AF-4C82-4238-A9A6-70DA809AA559}.Release|Any CPU.Build.0 = Release|Any CPU
	EndGlobalSection
	GlobalSection(SolutionProperties) = preSolution
		HideSolutionNode = FALSE
	EndGlobalSection
	GlobalSection(ExtensibilityGlobals) = postSolution
		SolutionGuid = {80F42C10-9620-4294-870B-98E432E43099}
	EndGlobalSection
EndGlobal
